// !$*UTF8*$!
{
	archiveVersion = 1;
	classes = {
	};
	objectVersion = 56;
	objects = {

/* Begin PBXBuildFile section */
		C84ACF692A04EE250030DBC7 /* LoadingView.swift in Sources */ = {isa = PBXBuildFile; fileRef = C84ACF682A04EE250030DBC7 /* LoadingView.swift */; };
		C84ACF6F2A0508280030DBC7 /* MailInputField.swift in Sources */ = {isa = PBXBuildFile; fileRef = C84ACF6E2A0508280030DBC7 /* MailInputField.swift */; };
		C84ACF712A050EAA0030DBC7 /* PostList.swift in Sources */ = {isa = PBXBuildFile; fileRef = C84ACF702A050EAA0030DBC7 /* PostList.swift */; };
		C84ACF742A050EEC0030DBC7 /* ListContentViewModel.swift in Sources */ = {isa = PBXBuildFile; fileRef = C84ACF732A050EEC0030DBC7 /* ListContentViewModel.swift */; };
		C84ACF762A050F260030DBC7 /* UserPost.swift in Sources */ = {isa = PBXBuildFile; fileRef = C84ACF752A050F260030DBC7 /* UserPost.swift */; };
		C84E24DB2A08E4B0007F63B6 /* ListCard.swift in Sources */ = {isa = PBXBuildFile; fileRef = C84E24DA2A08E4B0007F63B6 /* ListCard.swift */; };
		C84E24DE2A08F4CD007F63B6 /* CreatePostView.swift in Sources */ = {isa = PBXBuildFile; fileRef = C84E24DD2A08F4CD007F63B6 /* CreatePostView.swift */; };
		C84E24E12A08F9CA007F63B6 /* CreatePostViewModel.swift in Sources */ = {isa = PBXBuildFile; fileRef = C84E24E02A08F9CA007F63B6 /* CreatePostViewModel.swift */; };
		C84E24E32A093895007F63B6 /* DatabaseConstants.swift in Sources */ = {isa = PBXBuildFile; fileRef = C84E24E22A093895007F63B6 /* DatabaseConstants.swift */; };
		C8DA53082A03A812007CCFEE /* examens_arbete_iosApp.swift in Sources */ = {isa = PBXBuildFile; fileRef = C8DA53072A03A812007CCFEE /* examens_arbete_iosApp.swift */; };
		C8DA530A2A03A812007CCFEE /* ContentView.swift in Sources */ = {isa = PBXBuildFile; fileRef = C8DA53092A03A812007CCFEE /* ContentView.swift */; };
		C8DA530C2A03A813007CCFEE /* Assets.xcassets in Resources */ = {isa = PBXBuildFile; fileRef = C8DA530B2A03A813007CCFEE /* Assets.xcassets */; };
		C8DA530F2A03A813007CCFEE /* Preview Assets.xcassets in Resources */ = {isa = PBXBuildFile; fileRef = C8DA530E2A03A813007CCFEE /* Preview Assets.xcassets */; };
		C8DA53182A03A96D007CCFEE /* NavigatorState.swift in Sources */ = {isa = PBXBuildFile; fileRef = C8DA53172A03A96D007CCFEE /* NavigatorState.swift */; };
		C8DA531C2A03AC2C007CCFEE /* LoginView.swift in Sources */ = {isa = PBXBuildFile; fileRef = C8DA531B2A03AC2C007CCFEE /* LoginView.swift */; };
		C8DA53252A03AE19007CCFEE /* SecureInputField.swift in Sources */ = {isa = PBXBuildFile; fileRef = C8DA53242A03AE19007CCFEE /* SecureInputField.swift */; };
		C8DA53272A041CF7007CCFEE /* GoogleService-Info.plist in Resources */ = {isa = PBXBuildFile; fileRef = C8DA53262A041CF7007CCFEE /* GoogleService-Info.plist */; };
		C8DA532A2A041D65007CCFEE /* FirebaseAuth in Frameworks */ = {isa = PBXBuildFile; productRef = C8DA53292A041D65007CCFEE /* FirebaseAuth */; };
		C8DA532C2A041D65007CCFEE /* FirebaseAuthCombine-Community in Frameworks */ = {isa = PBXBuildFile; productRef = C8DA532B2A041D65007CCFEE /* FirebaseAuthCombine-Community */; };
		C8DA532E2A041D65007CCFEE /* FirebaseFirestore in Frameworks */ = {isa = PBXBuildFile; productRef = C8DA532D2A041D65007CCFEE /* FirebaseFirestore */; };
		C8DA53302A041D65007CCFEE /* FirebaseFirestoreCombine-Community in Frameworks */ = {isa = PBXBuildFile; productRef = C8DA532F2A041D65007CCFEE /* FirebaseFirestoreCombine-Community */; };
		C8DA53322A041D65007CCFEE /* FirebaseFirestoreSwift in Frameworks */ = {isa = PBXBuildFile; productRef = C8DA53312A041D65007CCFEE /* FirebaseFirestoreSwift */; };
		C8DA53342A041D65007CCFEE /* FirebaseStorage in Frameworks */ = {isa = PBXBuildFile; productRef = C8DA53332A041D65007CCFEE /* FirebaseStorage */; };
		C8DA53362A041D65007CCFEE /* FirebaseStorageCombine-Community in Frameworks */ = {isa = PBXBuildFile; productRef = C8DA53352A041D65007CCFEE /* FirebaseStorageCombine-Community */; };
		C8DA53382A041DEC007CCFEE /* AppDelegate.swift in Sources */ = {isa = PBXBuildFile; fileRef = C8DA53372A041DEC007CCFEE /* AppDelegate.swift */; };
		C8DA533B2A042109007CCFEE /* AuthService.swift in Sources */ = {isa = PBXBuildFile; fileRef = C8DA533A2A042109007CCFEE /* AuthService.swift */; };
		C8DA533D2A0426DE007CCFEE /* ResponseResult.swift in Sources */ = {isa = PBXBuildFile; fileRef = C8DA533C2A0426DE007CCFEE /* ResponseResult.swift */; };
		C8DA53432A043AF1007CCFEE /* HomePage.swift in Sources */ = {isa = PBXBuildFile; fileRef = C8DA53422A043AF1007CCFEE /* HomePage.swift */; };
		C8DA53462A044497007CCFEE /* SignUpViewModel.swift in Sources */ = {isa = PBXBuildFile; fileRef = C8DA53452A044497007CCFEE /* SignUpViewModel.swift */; };
		C8DA53482A0444C3007CCFEE /* LoginViewModel.swift in Sources */ = {isa = PBXBuildFile; fileRef = C8DA53472A0444C3007CCFEE /* LoginViewModel.swift */; };
		C8DA534A2A044D4F007CCFEE /* RegisterView.swift in Sources */ = {isa = PBXBuildFile; fileRef = C8DA53492A044D4F007CCFEE /* RegisterView.swift */; };
/* End PBXBuildFile section */

/* Begin PBXFileReference section */
		C84ACF682A04EE250030DBC7 /* LoadingView.swift */ = {isa = PBXFileReference; lastKnownFileType = sourcecode.swift; path = LoadingView.swift; sourceTree = "<group>"; };
		C84ACF6E2A0508280030DBC7 /* MailInputField.swift */ = {isa = PBXFileReference; lastKnownFileType = sourcecode.swift; path = MailInputField.swift; sourceTree = "<group>"; };
		C84ACF702A050EAA0030DBC7 /* PostList.swift */ = {isa = PBXFileReference; lastKnownFileType = sourcecode.swift; path = PostList.swift; sourceTree = "<group>"; };
		C84ACF732A050EEC0030DBC7 /* ListContentViewModel.swift */ = {isa = PBXFileReference; lastKnownFileType = sourcecode.swift; path = ListContentViewModel.swift; sourceTree = "<group>"; };
		C84ACF752A050F260030DBC7 /* UserPost.swift */ = {isa = PBXFileReference; lastKnownFileType = sourcecode.swift; path = UserPost.swift; sourceTree = "<group>"; };
		C84E24DA2A08E4B0007F63B6 /* ListCard.swift */ = {isa = PBXFileReference; lastKnownFileType = sourcecode.swift; path = ListCard.swift; sourceTree = "<group>"; };
		C84E24DD2A08F4CD007F63B6 /* CreatePostView.swift */ = {isa = PBXFileReference; lastKnownFileType = sourcecode.swift; path = CreatePostView.swift; sourceTree = "<group>"; };
		C84E24E02A08F9CA007F63B6 /* CreatePostViewModel.swift */ = {isa = PBXFileReference; lastKnownFileType = sourcecode.swift; path = CreatePostViewModel.swift; sourceTree = "<group>"; };
		C84E24E22A093895007F63B6 /* DatabaseConstants.swift */ = {isa = PBXFileReference; lastKnownFileType = sourcecode.swift; path = DatabaseConstants.swift; sourceTree = "<group>"; };
		C8DA53042A03A812007CCFEE /* examens_arbete_ios.app */ = {isa = PBXFileReference; explicitFileType = wrapper.application; includeInIndex = 0; path = examens_arbete_ios.app; sourceTree = BUILT_PRODUCTS_DIR; };
		C8DA53072A03A812007CCFEE /* examens_arbete_iosApp.swift */ = {isa = PBXFileReference; lastKnownFileType = sourcecode.swift; path = examens_arbete_iosApp.swift; sourceTree = "<group>"; };
		C8DA53092A03A812007CCFEE /* ContentView.swift */ = {isa = PBXFileReference; lastKnownFileType = sourcecode.swift; path = ContentView.swift; sourceTree = "<group>"; };
		C8DA530B2A03A813007CCFEE /* Assets.xcassets */ = {isa = PBXFileReference; lastKnownFileType = folder.assetcatalog; path = Assets.xcassets; sourceTree = "<group>"; };
		C8DA530E2A03A813007CCFEE /* Preview Assets.xcassets */ = {isa = PBXFileReference; lastKnownFileType = folder.assetcatalog; path = "Preview Assets.xcassets"; sourceTree = "<group>"; };
		C8DA53172A03A96D007CCFEE /* NavigatorState.swift */ = {isa = PBXFileReference; lastKnownFileType = sourcecode.swift; path = NavigatorState.swift; sourceTree = "<group>"; };
		C8DA531B2A03AC2C007CCFEE /* LoginView.swift */ = {isa = PBXFileReference; lastKnownFileType = sourcecode.swift; path = LoginView.swift; sourceTree = "<group>"; };
		C8DA53242A03AE19007CCFEE /* SecureInputField.swift */ = {isa = PBXFileReference; lastKnownFileType = sourcecode.swift; path = SecureInputField.swift; sourceTree = "<group>"; };
		C8DA53262A041CF7007CCFEE /* GoogleService-Info.plist */ = {isa = PBXFileReference; fileEncoding = 4; lastKnownFileType = text.plist.xml; path = "GoogleService-Info.plist"; sourceTree = "<group>"; };
		C8DA53372A041DEC007CCFEE /* AppDelegate.swift */ = {isa = PBXFileReference; lastKnownFileType = sourcecode.swift; path = AppDelegate.swift; sourceTree = "<group>"; };
		C8DA533A2A042109007CCFEE /* AuthService.swift */ = {isa = PBXFileReference; lastKnownFileType = sourcecode.swift; path = AuthService.swift; sourceTree = "<group>"; };
		C8DA533C2A0426DE007CCFEE /* ResponseResult.swift */ = {isa = PBXFileReference; lastKnownFileType = sourcecode.swift; path = ResponseResult.swift; sourceTree = "<group>"; };
		C8DA53422A043AF1007CCFEE /* HomePage.swift */ = {isa = PBXFileReference; lastKnownFileType = sourcecode.swift; path = HomePage.swift; sourceTree = "<group>"; };
		C8DA53452A044497007CCFEE /* SignUpViewModel.swift */ = {isa = PBXFileReference; lastKnownFileType = sourcecode.swift; path = SignUpViewModel.swift; sourceTree = "<group>"; };
		C8DA53472A0444C3007CCFEE /* LoginViewModel.swift */ = {isa = PBXFileReference; lastKnownFileType = sourcecode.swift; path = LoginViewModel.swift; sourceTree = "<group>"; };
		C8DA53492A044D4F007CCFEE /* RegisterView.swift */ = {isa = PBXFileReference; lastKnownFileType = sourcecode.swift; path = RegisterView.swift; sourceTree = "<group>"; };
/* End PBXFileReference section */

/* Begin PBXFrameworksBuildPhase section */
		C8DA53012A03A812007CCFEE /* Frameworks */ = {
			isa = PBXFrameworksBuildPhase;
			buildActionMask = 2147483647;
			files = (
				C8DA53322A041D65007CCFEE /* FirebaseFirestoreSwift in Frameworks */,
				C8DA53362A041D65007CCFEE /* FirebaseStorageCombine-Community in Frameworks */,
				C8DA532A2A041D65007CCFEE /* FirebaseAuth in Frameworks */,
				C8DA53302A041D65007CCFEE /* FirebaseFirestoreCombine-Community in Frameworks */,
				C8DA532C2A041D65007CCFEE /* FirebaseAuthCombine-Community in Frameworks */,
				C8DA532E2A041D65007CCFEE /* FirebaseFirestore in Frameworks */,
				C8DA53342A041D65007CCFEE /* FirebaseStorage in Frameworks */,
			);
			runOnlyForDeploymentPostprocessing = 0;
		};
/* End PBXFrameworksBuildPhase section */

/* Begin PBXGroup section */
		C84ACF722A050ED40030DBC7 /* ViewModels */ = {
			isa = PBXGroup;
			children = (
				C84ACF732A050EEC0030DBC7 /* ListContentViewModel.swift */,
			);
			path = ViewModels;
			sourceTree = "<group>";
		};
		C84E24D92A08E497007F63B6 /* Widgets */ = {
			isa = PBXGroup;
			children = (
				C84E24DA2A08E4B0007F63B6 /* ListCard.swift */,
			);
			path = Widgets;
			sourceTree = "<group>";
		};
		C84E24DC2A08F4BB007F63B6 /* Create Post */ = {
			isa = PBXGroup;
			children = (
				C84E24DF2A08F9A9007F63B6 /* ViewModel */,
				C84E24DD2A08F4CD007F63B6 /* CreatePostView.swift */,
			);
			path = "Create Post";
			sourceTree = "<group>";
		};
		C84E24DF2A08F9A9007F63B6 /* ViewModel */ = {
			isa = PBXGroup;
			children = (
				C84E24E02A08F9CA007F63B6 /* CreatePostViewModel.swift */,
			);
			path = ViewModel;
			sourceTree = "<group>";
		};
		C8DA52FB2A03A812007CCFEE = {
			isa = PBXGroup;
			children = (
				C8DA53062A03A812007CCFEE /* examens_arbete_ios */,
				C8DA53052A03A812007CCFEE /* Products */,
			);
			sourceTree = "<group>";
		};
		C8DA53052A03A812007CCFEE /* Products */ = {
			isa = PBXGroup;
			children = (
				C8DA53042A03A812007CCFEE /* examens_arbete_ios.app */,
			);
			name = Products;
			sourceTree = "<group>";
		};
		C8DA53062A03A812007CCFEE /* examens_arbete_ios */ = {
			isa = PBXGroup;
			children = (
				C8DA53392A0420FA007CCFEE /* Service */,
				C8DA53262A041CF7007CCFEE /* GoogleService-Info.plist */,
				C8DA53232A03AE05007CCFEE /* Widgets */,
				C8DA53202A03ACB5007CCFEE /* Models */,
				C8DA53162A03A957007CCFEE /* Features */,
				C8DA53152A03A945007CCFEE /* Navigator */,
				C8DA53072A03A812007CCFEE /* examens_arbete_iosApp.swift */,
				C8DA53092A03A812007CCFEE /* ContentView.swift */,
				C8DA530B2A03A813007CCFEE /* Assets.xcassets */,
				C8DA530D2A03A813007CCFEE /* Preview Content */,
				C8DA53372A041DEC007CCFEE /* AppDelegate.swift */,
				C84E24E22A093895007F63B6 /* DatabaseConstants.swift */,
			);
			path = examens_arbete_ios;
			sourceTree = "<group>";
		};
		C8DA530D2A03A813007CCFEE /* Preview Content */ = {
			isa = PBXGroup;
			children = (
				C8DA530E2A03A813007CCFEE /* Preview Assets.xcassets */,
			);
			path = "Preview Content";
			sourceTree = "<group>";
		};
		C8DA53152A03A945007CCFEE /* Navigator */ = {
			isa = PBXGroup;
			children = (
				C8DA53172A03A96D007CCFEE /* NavigatorState.swift */,
			);
			path = Navigator;
			sourceTree = "<group>";
		};
		C8DA53162A03A957007CCFEE /* Features */ = {
			isa = PBXGroup;
			children = (
				C84E24DC2A08F4BB007F63B6 /* Create Post */,
				C8DA53412A043AE4007CCFEE /* HomePage */,
				C8DA53192A03AC0F007CCFEE /* Auth */,
			);
			path = Features;
			sourceTree = "<group>";
		};
		C8DA53192A03AC0F007CCFEE /* Auth */ = {
			isa = PBXGroup;
			children = (
				C8DA53442A044477007CCFEE /* View Models */,
				C8DA531A2A03AC1D007CCFEE /* View */,
			);
			path = Auth;
			sourceTree = "<group>";
		};
		C8DA531A2A03AC1D007CCFEE /* View */ = {
			isa = PBXGroup;
			children = (
				C8DA531B2A03AC2C007CCFEE /* LoginView.swift */,
				C8DA53492A044D4F007CCFEE /* RegisterView.swift */,
			);
			path = View;
			sourceTree = "<group>";
		};
		C8DA53202A03ACB5007CCFEE /* Models */ = {
			isa = PBXGroup;
			children = (
				C84ACF752A050F260030DBC7 /* UserPost.swift */,
			);
			path = Models;
			sourceTree = "<group>";
		};
		C8DA53232A03AE05007CCFEE /* Widgets */ = {
			isa = PBXGroup;
			children = (
				C84ACF682A04EE250030DBC7 /* LoadingView.swift */,
				C8DA53242A03AE19007CCFEE /* SecureInputField.swift */,
				C84ACF6E2A0508280030DBC7 /* MailInputField.swift */,
				C84ACF702A050EAA0030DBC7 /* PostList.swift */,
			);
			path = Widgets;
			sourceTree = "<group>";
		};
		C8DA53392A0420FA007CCFEE /* Service */ = {
			isa = PBXGroup;
			children = (
				C8DA533A2A042109007CCFEE /* AuthService.swift */,
				C8DA533C2A0426DE007CCFEE /* ResponseResult.swift */,
			);
			path = Service;
			sourceTree = "<group>";
		};
		C8DA53412A043AE4007CCFEE /* HomePage */ = {
			isa = PBXGroup;
			children = (
				C84E24D92A08E497007F63B6 /* Widgets */,
				C84ACF722A050ED40030DBC7 /* ViewModels */,
				C8DA53422A043AF1007CCFEE /* HomePage.swift */,
			);
			path = HomePage;
			sourceTree = "<group>";
		};
		C8DA53442A044477007CCFEE /* View Models */ = {
			isa = PBXGroup;
			children = (
				C8DA53452A044497007CCFEE /* SignUpViewModel.swift */,
				C8DA53472A0444C3007CCFEE /* LoginViewModel.swift */,
			);
			path = "View Models";
			sourceTree = "<group>";
		};
/* End PBXGroup section */

/* Begin PBXNativeTarget section */
		C8DA53032A03A812007CCFEE /* examens_arbete_ios */ = {
			isa = PBXNativeTarget;
			buildConfigurationList = C8DA53122A03A813007CCFEE /* Build configuration list for PBXNativeTarget "examens_arbete_ios" */;
			buildPhases = (
				C8DA53002A03A812007CCFEE /* Sources */,
				C8DA53012A03A812007CCFEE /* Frameworks */,
				C8DA53022A03A812007CCFEE /* Resources */,
			);
			buildRules = (
			);
			dependencies = (
			);
			name = examens_arbete_ios;
			packageProductDependencies = (
				C8DA53292A041D65007CCFEE /* FirebaseAuth */,
				C8DA532B2A041D65007CCFEE /* FirebaseAuthCombine-Community */,
				C8DA532D2A041D65007CCFEE /* FirebaseFirestore */,
				C8DA532F2A041D65007CCFEE /* FirebaseFirestoreCombine-Community */,
				C8DA53312A041D65007CCFEE /* FirebaseFirestoreSwift */,
				C8DA53332A041D65007CCFEE /* FirebaseStorage */,
				C8DA53352A041D65007CCFEE /* FirebaseStorageCombine-Community */,
			);
			productName = examens_arbete_ios;
			productReference = C8DA53042A03A812007CCFEE /* examens_arbete_ios.app */;
			productType = "com.apple.product-type.application";
		};
/* End PBXNativeTarget section */

/* Begin PBXProject section */
		C8DA52FC2A03A812007CCFEE /* Project object */ = {
			isa = PBXProject;
			attributes = {
				BuildIndependentTargetsInParallel = 1;
				LastSwiftUpdateCheck = 1430;
				LastUpgradeCheck = 1430;
				TargetAttributes = {
					C8DA53032A03A812007CCFEE = {
						CreatedOnToolsVersion = 14.3;
					};
				};
			};
			buildConfigurationList = C8DA52FF2A03A812007CCFEE /* Build configuration list for PBXProject "examens_arbete_ios" */;
			compatibilityVersion = "Xcode 14.0";
			developmentRegion = en;
			hasScannedForEncodings = 0;
			knownRegions = (
				en,
				Base,
			);
			mainGroup = C8DA52FB2A03A812007CCFEE;
			packageReferences = (
				C8DA53282A041D65007CCFEE /* XCRemoteSwiftPackageReference "firebase-ios-sdk" */,
			);
			productRefGroup = C8DA53052A03A812007CCFEE /* Products */;
			projectDirPath = "";
			projectRoot = "";
			targets = (
				C8DA53032A03A812007CCFEE /* examens_arbete_ios */,
			);
		};
/* End PBXProject section */

/* Begin PBXResourcesBuildPhase section */
		C8DA53022A03A812007CCFEE /* Resources */ = {
			isa = PBXResourcesBuildPhase;
			buildActionMask = 2147483647;
			files = (
				C8DA530F2A03A813007CCFEE /* Preview Assets.xcassets in Resources */,
				C8DA530C2A03A813007CCFEE /* Assets.xcassets in Resources */,
				C8DA53272A041CF7007CCFEE /* GoogleService-Info.plist in Resources */,
			);
			runOnlyForDeploymentPostprocessing = 0;
		};
/* End PBXResourcesBuildPhase section */

/* Begin PBXSourcesBuildPhase section */
		C8DA53002A03A812007CCFEE /* Sources */ = {
			isa = PBXSourcesBuildPhase;
			buildActionMask = 2147483647;
			files = (
				C8DA53382A041DEC007CCFEE /* AppDelegate.swift in Sources */,
				C84ACF712A050EAA0030DBC7 /* PostList.swift in Sources */,
				C84E24E12A08F9CA007F63B6 /* CreatePostViewModel.swift in Sources */,
				C8DA53432A043AF1007CCFEE /* HomePage.swift in Sources */,
				C8DA53482A0444C3007CCFEE /* LoginViewModel.swift in Sources */,
				C84E24E32A093895007F63B6 /* DatabaseConstants.swift in Sources */,
				C8DA53462A044497007CCFEE /* SignUpViewModel.swift in Sources */,
				C84E24DB2A08E4B0007F63B6 /* ListCard.swift in Sources */,
				C8DA530A2A03A812007CCFEE /* ContentView.swift in Sources */,
				C8DA53182A03A96D007CCFEE /* NavigatorState.swift in Sources */,
				C8DA533D2A0426DE007CCFEE /* ResponseResult.swift in Sources */,
				C84ACF742A050EEC0030DBC7 /* ListContentViewModel.swift in Sources */,
				C8DA533B2A042109007CCFEE /* AuthService.swift in Sources */,
				C84ACF6F2A0508280030DBC7 /* MailInputField.swift in Sources */,
				C84ACF762A050F260030DBC7 /* UserPost.swift in Sources */,
				C8DA53252A03AE19007CCFEE /* SecureInputField.swift in Sources */,
				C8DA534A2A044D4F007CCFEE /* RegisterView.swift in Sources */,
				C84E24DE2A08F4CD007F63B6 /* CreatePostView.swift in Sources */,
				C8DA531C2A03AC2C007CCFEE /* LoginView.swift in Sources */,
				C84ACF692A04EE250030DBC7 /* LoadingView.swift in Sources */,
				C8DA53082A03A812007CCFEE /* examens_arbete_iosApp.swift in Sources */,
			);
			runOnlyForDeploymentPostprocessing = 0;
		};
/* End PBXSourcesBuildPhase section */

/* Begin XCBuildConfiguration section */
		C8DA53102A03A813007CCFEE /* Debug */ = {
			isa = XCBuildConfiguration;
			buildSettings = {
				ALWAYS_SEARCH_USER_PATHS = NO;
				CLANG_ANALYZER_NONNULL = YES;
				CLANG_ANALYZER_NUMBER_OBJECT_CONVERSION = YES_AGGRESSIVE;
				CLANG_CXX_LANGUAGE_STANDARD = "gnu++20";
				CLANG_ENABLE_MODULES = YES;
				CLANG_ENABLE_OBJC_ARC = YES;
				CLANG_ENABLE_OBJC_WEAK = YES;
				CLANG_WARN_BLOCK_CAPTURE_AUTORELEASING = YES;
				CLANG_WARN_BOOL_CONVERSION = YES;
				CLANG_WARN_COMMA = YES;
				CLANG_WARN_CONSTANT_CONVERSION = YES;
				CLANG_WARN_DEPRECATED_OBJC_IMPLEMENTATIONS = YES;
				CLANG_WARN_DIRECT_OBJC_ISA_USAGE = YES_ERROR;
				CLANG_WARN_DOCUMENTATION_COMMENTS = YES;
				CLANG_WARN_EMPTY_BODY = YES;
				CLANG_WARN_ENUM_CONVERSION = YES;
				CLANG_WARN_INFINITE_RECURSION = YES;
				CLANG_WARN_INT_CONVERSION = YES;
				CLANG_WARN_NON_LITERAL_NULL_CONVERSION = YES;
				CLANG_WARN_OBJC_IMPLICIT_RETAIN_SELF = YES;
				CLANG_WARN_OBJC_LITERAL_CONVERSION = YES;
				CLANG_WARN_OBJC_ROOT_CLASS = YES_ERROR;
				CLANG_WARN_QUOTED_INCLUDE_IN_FRAMEWORK_HEADER = YES;
				CLANG_WARN_RANGE_LOOP_ANALYSIS = YES;
				CLANG_WARN_STRICT_PROTOTYPES = YES;
				CLANG_WARN_SUSPICIOUS_MOVE = YES;
				CLANG_WARN_UNGUARDED_AVAILABILITY = YES_AGGRESSIVE;
				CLANG_WARN_UNREACHABLE_CODE = YES;
				CLANG_WARN__DUPLICATE_METHOD_MATCH = YES;
				COPY_PHASE_STRIP = NO;
				DEBUG_INFORMATION_FORMAT = dwarf;
				ENABLE_STRICT_OBJC_MSGSEND = YES;
				ENABLE_TESTABILITY = YES;
				GCC_C_LANGUAGE_STANDARD = gnu11;
				GCC_DYNAMIC_NO_PIC = NO;
				GCC_NO_COMMON_BLOCKS = YES;
				GCC_OPTIMIZATION_LEVEL = 0;
				GCC_PREPROCESSOR_DEFINITIONS = (
					"DEBUG=1",
					"$(inherited)",
				);
				GCC_WARN_64_TO_32_BIT_CONVERSION = YES;
				GCC_WARN_ABOUT_RETURN_TYPE = YES_ERROR;
				GCC_WARN_UNDECLARED_SELECTOR = YES;
				GCC_WARN_UNINITIALIZED_AUTOS = YES_AGGRESSIVE;
				GCC_WARN_UNUSED_FUNCTION = YES;
				GCC_WARN_UNUSED_VARIABLE = YES;
				IPHONEOS_DEPLOYMENT_TARGET = 16.4;
				MTL_ENABLE_DEBUG_INFO = INCLUDE_SOURCE;
				MTL_FAST_MATH = YES;
				ONLY_ACTIVE_ARCH = YES;
				SDKROOT = iphoneos;
				SWIFT_ACTIVE_COMPILATION_CONDITIONS = DEBUG;
				SWIFT_OPTIMIZATION_LEVEL = "-Onone";
			};
			name = Debug;
		};
		C8DA53112A03A813007CCFEE /* Release */ = {
			isa = XCBuildConfiguration;
			buildSettings = {
				ALWAYS_SEARCH_USER_PATHS = NO;
				CLANG_ANALYZER_NONNULL = YES;
				CLANG_ANALYZER_NUMBER_OBJECT_CONVERSION = YES_AGGRESSIVE;
				CLANG_CXX_LANGUAGE_STANDARD = "gnu++20";
				CLANG_ENABLE_MODULES = YES;
				CLANG_ENABLE_OBJC_ARC = YES;
				CLANG_ENABLE_OBJC_WEAK = YES;
				CLANG_WARN_BLOCK_CAPTURE_AUTORELEASING = YES;
				CLANG_WARN_BOOL_CONVERSION = YES;
				CLANG_WARN_COMMA = YES;
				CLANG_WARN_CONSTANT_CONVERSION = YES;
				CLANG_WARN_DEPRECATED_OBJC_IMPLEMENTATIONS = YES;
				CLANG_WARN_DIRECT_OBJC_ISA_USAGE = YES_ERROR;
				CLANG_WARN_DOCUMENTATION_COMMENTS = YES;
				CLANG_WARN_EMPTY_BODY = YES;
				CLANG_WARN_ENUM_CONVERSION = YES;
				CLANG_WARN_INFINITE_RECURSION = YES;
				CLANG_WARN_INT_CONVERSION = YES;
				CLANG_WARN_NON_LITERAL_NULL_CONVERSION = YES;
				CLANG_WARN_OBJC_IMPLICIT_RETAIN_SELF = YES;
				CLANG_WARN_OBJC_LITERAL_CONVERSION = YES;
				CLANG_WARN_OBJC_ROOT_CLASS = YES_ERROR;
				CLANG_WARN_QUOTED_INCLUDE_IN_FRAMEWORK_HEADER = YES;
				CLANG_WARN_RANGE_LOOP_ANALYSIS = YES;
				CLANG_WARN_STRICT_PROTOTYPES = YES;
				CLANG_WARN_SUSPICIOUS_MOVE = YES;
				CLANG_WARN_UNGUARDED_AVAILABILITY = YES_AGGRESSIVE;
				CLANG_WARN_UNREACHABLE_CODE = YES;
				CLANG_WARN__DUPLICATE_METHOD_MATCH = YES;
				COPY_PHASE_STRIP = NO;
				DEBUG_INFORMATION_FORMAT = "dwarf-with-dsym";
				ENABLE_NS_ASSERTIONS = NO;
				ENABLE_STRICT_OBJC_MSGSEND = YES;
				GCC_C_LANGUAGE_STANDARD = gnu11;
				GCC_NO_COMMON_BLOCKS = YES;
				GCC_WARN_64_TO_32_BIT_CONVERSION = YES;
				GCC_WARN_ABOUT_RETURN_TYPE = YES_ERROR;
				GCC_WARN_UNDECLARED_SELECTOR = YES;
				GCC_WARN_UNINITIALIZED_AUTOS = YES_AGGRESSIVE;
				GCC_WARN_UNUSED_FUNCTION = YES;
				GCC_WARN_UNUSED_VARIABLE = YES;
				IPHONEOS_DEPLOYMENT_TARGET = 16.4;
				MTL_ENABLE_DEBUG_INFO = NO;
				MTL_FAST_MATH = YES;
				SDKROOT = iphoneos;
				SWIFT_COMPILATION_MODE = wholemodule;
				SWIFT_OPTIMIZATION_LEVEL = "-O";
				VALIDATE_PRODUCT = YES;
			};
			name = Release;
		};
		C8DA53132A03A813007CCFEE /* Debug */ = {
			isa = XCBuildConfiguration;
			buildSettings = {
				ASSETCATALOG_COMPILER_APPICON_NAME = AppIcon;
				ASSETCATALOG_COMPILER_GLOBAL_ACCENT_COLOR_NAME = AccentColor;
				CODE_SIGN_IDENTITY = "Apple Development";
				CODE_SIGN_STYLE = Automatic;
				CURRENT_PROJECT_VERSION = 1;
				DEVELOPMENT_ASSET_PATHS = "\"examens_arbete_ios/Preview Content\"";
				DEVELOPMENT_TEAM = 3P2G45WJH3;
				ENABLE_PREVIEWS = YES;
				GENERATE_INFOPLIST_FILE = YES;
				INFOPLIST_KEY_UIApplicationSceneManifest_Generation = YES;
				INFOPLIST_KEY_UIApplicationSupportsIndirectInputEvents = YES;
				INFOPLIST_KEY_UILaunchScreen_Generation = YES;
				INFOPLIST_KEY_UISupportedInterfaceOrientations_iPad = "UIInterfaceOrientationPortrait UIInterfaceOrientationPortraitUpsideDown UIInterfaceOrientationLandscapeLeft UIInterfaceOrientationLandscapeRight";
				INFOPLIST_KEY_UISupportedInterfaceOrientations_iPhone = "UIInterfaceOrientationPortrait UIInterfaceOrientationLandscapeLeft UIInterfaceOrientationLandscapeRight";
				LD_RUNPATH_SEARCH_PATHS = (
					"$(inherited)",
					"@executable_path/Frameworks",
				);
				MARKETING_VERSION = 1.0;
				PRODUCT_BUNDLE_IDENTIFIER = "com.LucaSalmi.examens-arbete-ios-2023";
				PRODUCT_NAME = "$(TARGET_NAME)";
				PROVISIONING_PROFILE_SPECIFIER = "";
				SWIFT_EMIT_LOC_STRINGS = YES;
				SWIFT_VERSION = 5.0;
				TARGETED_DEVICE_FAMILY = "1,2";
			};
			name = Debug;
		};
		C8DA53142A03A813007CCFEE /* Release */ = {
			isa = XCBuildConfiguration;
			buildSettings = {
				ASSETCATALOG_COMPILER_APPICON_NAME = AppIcon;
				ASSETCATALOG_COMPILER_GLOBAL_ACCENT_COLOR_NAME = AccentColor;
				CODE_SIGN_IDENTITY = "Apple Development";
				CODE_SIGN_STYLE = Automatic;
				CURRENT_PROJECT_VERSION = 1;
				DEVELOPMENT_ASSET_PATHS = "\"examens_arbete_ios/Preview Content\"";
				DEVELOPMENT_TEAM = 3P2G45WJH3;
				ENABLE_PREVIEWS = YES;
				GENERATE_INFOPLIST_FILE = YES;
				INFOPLIST_KEY_UIApplicationSceneManifest_Generation = YES;
				INFOPLIST_KEY_UIApplicationSupportsIndirectInputEvents = YES;
				INFOPLIST_KEY_UILaunchScreen_Generation = YES;
				INFOPLIST_KEY_UISupportedInterfaceOrientations_iPad = "UIInterfaceOrientationPortrait UIInterfaceOrientationPortraitUpsideDown UIInterfaceOrientationLandscapeLeft UIInterfaceOrientationLandscapeRight";
				INFOPLIST_KEY_UISupportedInterfaceOrientations_iPhone = "UIInterfaceOrientationPortrait UIInterfaceOrientationLandscapeLeft UIInterfaceOrientationLandscapeRight";
				LD_RUNPATH_SEARCH_PATHS = (
					"$(inherited)",
					"@executable_path/Frameworks",
				);
				MARKETING_VERSION = 1.0;
				PRODUCT_BUNDLE_IDENTIFIER = "com.LucaSalmi.examens-arbete-ios-2023";
				PRODUCT_NAME = "$(TARGET_NAME)";
				PROVISIONING_PROFILE_SPECIFIER = "";
				SWIFT_EMIT_LOC_STRINGS = YES;
				SWIFT_VERSION = 5.0;
				TARGETED_DEVICE_FAMILY = "1,2";
			};
			name = Release;
		};
/* End XCBuildConfiguration section */

/* Begin XCConfigurationList section */
		C8DA52FF2A03A812007CCFEE /* Build configuration list for PBXProject "examens_arbete_ios" */ = {
			isa = XCConfigurationList;
			buildConfigurations = (
				C8DA53102A03A813007CCFEE /* Debug */,
				C8DA53112A03A813007CCFEE /* Release */,
			);
			defaultConfigurationIsVisible = 0;
			defaultConfigurationName = Release;
		};
		C8DA53122A03A813007CCFEE /* Build configuration list for PBXNativeTarget "examens_arbete_ios" */ = {
			isa = XCConfigurationList;
			buildConfigurations = (
				C8DA53132A03A813007CCFEE /* Debug */,
				C8DA53142A03A813007CCFEE /* Release */,
			);
			defaultConfigurationIsVisible = 0;
			defaultConfigurationName = Release;
		};
/* End XCConfigurationList section */

/* Begin XCRemoteSwiftPackageReference section */
		C8DA53282A041D65007CCFEE /* XCRemoteSwiftPackageReference "firebase-ios-sdk" */ = {
			isa = XCRemoteSwiftPackageReference;
			repositoryURL = "https://github.com/firebase/firebase-ios-sdk";
			requirement = {
				kind = upToNextMajorVersion;
				minimumVersion = 10.0.0;
			};
		};
/* End XCRemoteSwiftPackageReference section */

/* Begin XCSwiftPackageProductDependency section */
		C8DA53292A041D65007CCFEE /* FirebaseAuth */ = {
			isa = XCSwiftPackageProductDependency;
			package = C8DA53282A041D65007CCFEE /* XCRemoteSwiftPackageReference "firebase-ios-sdk" */;
			productName = FirebaseAuth;
		};
		C8DA532B2A041D65007CCFEE /* FirebaseAuthCombine-Community */ = {
			isa = XCSwiftPackageProductDependency;
			package = C8DA53282A041D65007CCFEE /* XCRemoteSwiftPackageReference "firebase-ios-sdk" */;
			productName = "FirebaseAuthCombine-Community";
		};
		C8DA532D2A041D65007CCFEE /* FirebaseFirestore */ = {
			isa = XCSwiftPackageProductDependency;
			package = C8DA53282A041D65007CCFEE /* XCRemoteSwiftPackageReference "firebase-ios-sdk" */;
			productName = FirebaseFirestore;
		};
		C8DA532F2A041D65007CCFEE /* FirebaseFirestoreCombine-Community */ = {
			isa = XCSwiftPackageProductDependency;
			package = C8DA53282A041D65007CCFEE /* XCRemoteSwiftPackageReference "firebase-ios-sdk" */;
			productName = "FirebaseFirestoreCombine-Community";
		};
		C8DA53312A041D65007CCFEE /* FirebaseFirestoreSwift */ = {
			isa = XCSwiftPackageProductDependency;
			package = C8DA53282A041D65007CCFEE /* XCRemoteSwiftPackageReference "firebase-ios-sdk" */;
			productName = FirebaseFirestoreSwift;
		};
		C8DA53332A041D65007CCFEE /* FirebaseStorage */ = {
			isa = XCSwiftPackageProductDependency;
			package = C8DA53282A041D65007CCFEE /* XCRemoteSwiftPackageReference "firebase-ios-sdk" */;
			productName = FirebaseStorage;
		};
		C8DA53352A041D65007CCFEE /* FirebaseStorageCombine-Community */ = {
			isa = XCSwiftPackageProductDependency;
			package = C8DA53282A041D65007CCFEE /* XCRemoteSwiftPackageReference "firebase-ios-sdk" */;
			productName = "FirebaseStorageCombine-Community";
		};
/* End XCSwiftPackageProductDependency section */
	};
	rootObject = C8DA52FC2A03A812007CCFEE /* Project object */;
}
